{
  "version": 4,
  "terraform_version": "1.7.3",
  "serial": 23,
  "lineage": "8370f204-360f-bbef-015c-ff09ecbc5253",
  "outputs": {
    "resource_group_id": {
      "value": "/subscriptions/8e3be109-43af-4d22-9766-69edf116a376/resourceGroups/my_test_rg",
      "type": "string"
    }
  },
  "resources": [
    {
      "mode": "managed",
      "type": "azurerm_resource_group",
      "name": "rg",
      "provider": "provider[\"registry.terraform.io/hashicorp/azurerm\"]",
      "instances": [
        {
          "schema_version": 0,
          "attributes": {
            "id": "/subscriptions/8e3be109-43af-4d22-9766-69edf116a376/resourceGroups/my_test_rg",
            "location": "eastus2",
            "name": "my_test_rg",
            "tags": {
              "Environment": "Terraform deployement",
              "Team": "DevOps"
            },
            "timeouts": null
          },
          "sensitive_attributes": [],
          "private": "eyJlMmJmYjczMC1lY2FhLTExZTYtOGY4OC0zNDM2M2JjN2M0YzAiOnsiY3JlYXRlIjo1NDAwMDAwMDAwMDAwLCJkZWxldGUiOjU0MDAwMDAwMDAwMDAsInJlYWQiOjMwMDAwMDAwMDAwMCwidXBkYXRlIjo1NDAwMDAwMDAwMDAwfX0="
        }
      ]
    },
    {
      "mode": "managed",
      "type": "azurerm_virtual_network",
      "name": "vnet",
      "provider": "provider[\"registry.terraform.io/hashicorp/azurerm\"]",
      "instances": [
        {
          "schema_version": 0,
          "attributes": {
            "address_space": [
              "10.0.0.0/16"
            ],
            "bgp_community": "",
            "ddos_protection_plan": [],
            "dns_servers": [],
            "edge_zone": "",
            "flow_timeout_in_minutes": 0,
            "guid": "c59dccc6-2261-4082-b8f9-b27c11d56b88",
            "id": "/subscriptions/8e3be109-43af-4d22-9766-69edf116a376/resourceGroups/my_test_rg/providers/Microsoft.Network/virtualNetworks/my_test_vnet_tf",
            "location": "eastus2",
            "name": "my_test_vnet_tf",
            "resource_group_name": "my_test_rg",
            "subnet": [],
            "tags": null,
            "timeouts": null
          },
          "sensitive_attributes": [],
          "private": "eyJlMmJmYjczMC1lY2FhLTExZTYtOGY4OC0zNDM2M2JjN2M0YzAiOnsiY3JlYXRlIjoxODAwMDAwMDAwMDAwLCJkZWxldGUiOjE4MDAwMDAwMDAwMDAsInJlYWQiOjMwMDAwMDAwMDAwMCwidXBkYXRlIjoxODAwMDAwMDAwMDAwfX0=",
          "dependencies": [
            "azurerm_resource_group.rg"
          ]
        }
      ]
    }
  ],
  "check_results": null
}
